// !$*UTF8*$!
{
	archiveVersion = 1;
	classes = {
	};
	objectVersion = 46;
	objects = {

/* Begin PBXBuildFile section */
		3F8D21711DC0FF51004EE352 /* AppDelegate.swift in Sources */ = {isa = PBXBuildFile; fileRef = 3F8D21701DC0FF51004EE352 /* AppDelegate.swift */; };
		3F8D21731DC0FF51004EE352 /* ViewController.swift in Sources */ = {isa = PBXBuildFile; fileRef = 3F8D21721DC0FF51004EE352 /* ViewController.swift */; };
		3F8D21761DC0FF51004EE352 /* Main.storyboard in Resources */ = {isa = PBXBuildFile; fileRef = 3F8D21741DC0FF51004EE352 /* Main.storyboard */; };
		3F8D21781DC0FF51004EE352 /* Assets.xcassets in Resources */ = {isa = PBXBuildFile; fileRef = 3F8D21771DC0FF51004EE352 /* Assets.xcassets */; };
		3F8D217B1DC0FF51004EE352 /* LaunchScreen.storyboard in Resources */ = {isa = PBXBuildFile; fileRef = 3F8D21791DC0FF51004EE352 /* LaunchScreen.storyboard */; };
		3F8D21861DC0FF51004EE352 /* wordPlayAppTests.swift in Sources */ = {isa = PBXBuildFile; fileRef = 3F8D21851DC0FF51004EE352 /* wordPlayAppTests.swift */; };
		3F8D21911DC0FF51004EE352 /* wordPlayAppUITests.swift in Sources */ = {isa = PBXBuildFile; fileRef = 3F8D21901DC0FF51004EE352 /* wordPlayAppUITests.swift */; };
/* End PBXBuildFile section */

/* Begin PBXContainerItemProxy section */
		3F8D21821DC0FF51004EE352 /* PBXContainerItemProxy */ = {
			isa = PBXContainerItemProxy;
			containerPortal = 3F8D21651DC0FF51004EE352 /* Project object */;
			proxyType = 1;
			remoteGlobalIDString = 3F8D216C1DC0FF51004EE352;
			remoteInfo = wordPlayApp;
		};
		3F8D218D1DC0FF51004EE352 /* PBXContainerItemProxy */ = {
			isa = PBXContainerItemProxy;
			containerPortal = 3F8D21651DC0FF51004EE352 /* Project object */;
			proxyType = 1;
			remoteGlobalIDString = 3F8D216C1DC0FF51004EE352;
			remoteInfo = wordPlayApp;
		};
/* End PBXContainerItemProxy section */

/* Begin PBXFileReference section */
		3F8D216D1DC0FF51004EE352 /* wordPlayApp.app */ = {isa = PBXFileReference; explicitFileType = wrapper.application; includeInIndex = 0; path = wordPlayApp.app; sourceTree = BUILT_PRODUCTS_DIR; };
		3F8D21701DC0FF51004EE352 /* AppDelegate.swift */ = {isa = PBXFileReference; lastKnownFileType = sourcecode.swift; path = AppDelegate.swift; sourceTree = "<group>"; };
		3F8D21721DC0FF51004EE352 /* ViewController.swift */ = {isa = PBXFileReference; lastKnownFileType = sourcecode.swift; path = ViewController.swift; sourceTree = "<group>"; };
		3F8D21751DC0FF51004EE352 /* Base */ = {isa = PBXFileReference; lastKnownFileType = file.storyboard; name = Base; path = Base.lproj/Main.storyboard; sourceTree = "<group>"; };
		3F8D21771DC0FF51004EE352 /* Assets.xcassets */ = {isa = PBXFileReference; lastKnownFileType = folder.assetcatalog; path = Assets.xcassets; sourceTree = "<group>"; };
		3F8D217A1DC0FF51004EE352 /* Base */ = {isa = PBXFileReference; lastKnownFileType = file.storyboard; name = Base; path = Base.lproj/LaunchScreen.storyboard; sourceTree = "<group>"; };
		3F8D217C1DC0FF51004EE352 /* Info.plist */ = {isa = PBXFileReference; lastKnownFileType = text.plist.xml; path = Info.plist; sourceTree = "<group>"; };
		3F8D21811DC0FF51004EE352 /* wordPlayAppTests.xctest */ = {isa = PBXFileReference; explicitFileType = wrapper.cfbundle; includeInIndex = 0; path = wordPlayAppTests.xctest; sourceTree = BUILT_PRODUCTS_DIR; };
		3F8D21851DC0FF51004EE352 /* wordPlayAppTests.swift */ = {isa = PBXFileReference; lastKnownFileType = sourcecode.swift; path = wordPlayAppTests.swift; sourceTree = "<group>"; };
		3F8D21871DC0FF51004EE352 /* Info.plist */ = {isa = PBXFileReference; lastKnownFileType = text.plist.xml; path = Info.plist; sourceTree = "<group>"; };
		3F8D218C1DC0FF51004EE352 /* wordPlayAppUITests.xctest */ = {isa = PBXFileReference; explicitFileType = wrapper.cfbundle; includeInIndex = 0; path = wordPlayAppUITests.xctest; sourceTree = BUILT_PRODUCTS_DIR; };
		3F8D21901DC0FF51004EE352 /* wordPlayAppUITests.swift */ = {isa = PBXFileReference; lastKnownFileType = sourcecode.swift; path = wordPlayAppUITests.swift; sourceTree = "<group>"; };
		3F8D21921DC0FF51004EE352 /* Info.plist */ = {isa = PBXFileReference; lastKnownFileType = text.plist.xml; path = Info.plist; sourceTree = "<group>"; };
/* End PBXFileReference section */

/* Begin PBXFrameworksBuildPhase section */
		3F8D216A1DC0FF51004EE352 /* Frameworks */ = {
			isa = PBXFrameworksBuildPhase;
			buildActionMask = 2147483647;
			files = (
			);
			runOnlyForDeploymentPostprocessing = 0;
		};
		3F8D217E1DC0FF51004EE352 /* Frameworks */ = {
			isa = PBXFrameworksBuildPhase;
			buildActionMask = 2147483647;
			files = (
			);
			runOnlyForDeploymentPostprocessing = 0;
		};
		3F8D21891DC0FF51004EE352 /* Frameworks */ = {
			isa = PBXFrameworksBuildPhase;
			buildActionMask = 2147483647;
			files = (
			);
			runOnlyForDeploymentPostprocessing = 0;
		};
/* End PBXFrameworksBuildPhase section */

/* Begin PBXGroup section */
		3F8D21641DC0FF51004EE352 = {
			isa = PBXGroup;
			children = (
				3F8D216F1DC0FF51004EE352 /* wordPlayApp */,
				3F8D21841DC0FF51004EE352 /* wordPlayAppTests */,
				3F8D218F1DC0FF51004EE352 /* wordPlayAppUITests */,
				3F8D216E1DC0FF51004EE352 /* Products */,
			);
			sourceTree = "<group>";
		};
		3F8D216E1DC0FF51004EE352 /* Products */ = {
			isa = PBXGroup;
			children = (
				3F8D216D1DC0FF51004EE352 /* wordPlayApp.app */,
				3F8D21811DC0FF51004EE352 /* wordPlayAppTests.xctest */,
				3F8D218C1DC0FF51004EE352 /* wordPlayAppUITests.xctest */,
			);
			name = Products;
			sourceTree = "<group>";
		};
		3F8D216F1DC0FF51004EE352 /* wordPlayApp */ = {
			isa = PBXGroup;
			children = (
				3F8D21701DC0FF51004EE352 /* AppDelegate.swift */,
				3F8D21721DC0FF51004EE352 /* ViewController.swift */,
				3F8D21741DC0FF51004EE352 /* Main.storyboard */,
				3F8D21771DC0FF51004EE352 /* Assets.xcassets */,
				3F8D21791DC0FF51004EE352 /* LaunchScreen.storyboard */,
				3F8D217C1DC0FF51004EE352 /* Info.plist */,
			);
			path = wordPlayApp;
			sourceTree = "<group>";
		};
		3F8D21841DC0FF51004EE352 /* wordPlayAppTests */ = {
			isa = PBXGroup;
			children = (
				3F8D21851DC0FF51004EE352 /* wordPlayAppTests.swift */,
				3F8D21871DC0FF51004EE352 /* Info.plist */,
			);
			path = wordPlayAppTests;
			sourceTree = "<group>";
		};
		3F8D218F1DC0FF51004EE352 /* wordPlayAppUITests */ = {
			isa = PBXGroup;
			children = (
				3F8D21901DC0FF51004EE352 /* wordPlayAppUITests.swift */,
				3F8D21921DC0FF51004EE352 /* Info.plist */,
			);
			path = wordPlayAppUITests;
			sourceTree = "<group>";
		};
/* End PBXGroup section */

/* Begin PBXNativeTarget section */
		3F8D216C1DC0FF51004EE352 /* wordPlayApp */ = {
			isa = PBXNativeTarget;
			buildConfigurationList = 3F8D21951DC0FF51004EE352 /* Build configuration list for PBXNativeTarget "wordPlayApp" */;
			buildPhases = (
				3F8D21691DC0FF51004EE352 /* Sources */,
				3F8D216A1DC0FF51004EE352 /* Frameworks */,
				3F8D216B1DC0FF51004EE352 /* Resources */,
			);
			buildRules = (
			);
			dependencies = (
			);
			name = wordPlayApp;
			productName = wordPlayApp;
			productReference = 3F8D216D1DC0FF51004EE352 /* wordPlayApp.app */;
			productType = "com.apple.product-type.application";
		};
		3F8D21801DC0FF51004EE352 /* wordPlayAppTests */ = {
			isa = PBXNativeTarget;
			buildConfigurationList = 3F8D21981DC0FF51004EE352 /* Build configuration list for PBXNativeTarget "wordPlayAppTests" */;
			buildPhases = (
				3F8D217D1DC0FF51004EE352 /* Sources */,
				3F8D217E1DC0FF51004EE352 /* Frameworks */,
				3F8D217F1DC0FF51004EE352 /* Resources */,
			);
			buildRules = (
			);
			dependencies = (
				3F8D21831DC0FF51004EE352 /* PBXTargetDependency */,
			);
			name = wordPlayAppTests;
			productName = wordPlayAppTests;
			productReference = 3F8D21811DC0FF51004EE352 /* wordPlayAppTests.xctest */;
			productType = "com.apple.product-type.bundle.unit-test";
		};
		3F8D218B1DC0FF51004EE352 /* wordPlayAppUITests */ = {
			isa = PBXNativeTarget;
			buildConfigurationList = 3F8D219B1DC0FF51004EE352 /* Build configuration list for PBXNativeTarget "wordPlayAppUITests" */;
			buildPhases = (
				3F8D21881DC0FF51004EE352 /* Sources */,
				3F8D21891DC0FF51004EE352 /* Frameworks */,
				3F8D218A1DC0FF51004EE352 /* Resources */,
			);
			buildRules = (
			);
			dependencies = (
				3F8D218E1DC0FF51004EE352 /* PBXTargetDependency */,
			);
			name = wordPlayAppUITests;
			productName = wordPlayAppUITests;
			productReference = 3F8D218C1DC0FF51004EE352 /* wordPlayAppUITests.xctest */;
			productType = "com.apple.product-type.bundle.ui-testing";
		};
/* End PBXNativeTarget section */

/* Begin PBXProject section */
		3F8D21651DC0FF51004EE352 /* Project object */ = {
			isa = PBXProject;
			attributes = {
				LastSwiftUpdateCheck = 0730;
				LastUpgradeCheck = 0730;
				ORGANIZATIONNAME = Elizabeth;
				TargetAttributes = {
					3F8D216C1DC0FF51004EE352 = {
						CreatedOnToolsVersion = 7.3.1;
					};
					3F8D21801DC0FF51004EE352 = {
						CreatedOnToolsVersion = 7.3.1;
						TestTargetID = 3F8D216C1DC0FF51004EE352;
					};
					3F8D218B1DC0FF51004EE352 = {
						CreatedOnToolsVersion = 7.3.1;
						TestTargetID = 3F8D216C1DC0FF51004EE352;
					};
				};
			};
			buildConfigurationList = 3F8D21681DC0FF51004EE352 /* Build configuration list for PBXProject "wordPlayApp" */;
			compatibilityVersion = "Xcode 3.2";
			developmentRegion = English;
			hasScannedForEncodings = 0;
			knownRegions = (
				en,
				Base,
			);
			mainGroup = 3F8D21641DC0FF51004EE352;
			productRefGroup = 3F8D216E1DC0FF51004EE352 /* Products */;
			projectDirPath = "";
			projectRoot = "";
			targets = (
				3F8D216C1DC0FF51004EE352 /* wordPlayApp */,
				3F8D21801DC0FF51004EE352 /* wordPlayAppTests */,
				3F8D218B1DC0FF51004EE352 /* wordPlayAppUITests */,
			);
		};
/* End PBXProject section */

/* Begin PBXResourcesBuildPhase section */
		3F8D216B1DC0FF51004EE352 /* Resources */ = {
			isa = PBXResourcesBuildPhase;
			buildActionMask = 2147483647;
			files = (
				3F8D217B1DC0FF51004EE352 /* LaunchScreen.storyboard in Resources */,
				3F8D21781DC0FF51004EE352 /* Assets.xcassets in Resources */,
				3F8D21761DC0FF51004EE352 /* Main.storyboard in Resources */,
			);
			runOnlyForDeploymentPostprocessing = 0;
		};
		3F8D217F1DC0FF51004EE352 /* Resources */ = {
			isa = PBXResourcesBuildPhase;
			buildActionMask = 2147483647;
			files = (
			);
			runOnlyForDeploymentPostprocessing = 0;
		};
		3F8D218A1DC0FF51004EE352 /* Resources */ = {
			isa = PBXResourcesBuildPhase;
			buildActionMask = 2147483647;
			files = (
			);
			runOnlyForDeploymentPostprocessing = 0;
		};
/* End PBXResourcesBuildPhase section */

/* Begin PBXSourcesBuildPhase section */
		3F8D21691DC0FF51004EE352 /* Sources */ = {
			isa = PBXSourcesBuildPhase;
			buildActionMask = 2147483647;
			files = (
				3F8D21731DC0FF51004EE352 /* ViewController.swift in Sources */,
				3F8D21711DC0FF51004EE352 /* AppDelegate.swift in Sources */,
			);
			runOnlyForDeploymentPostprocessing = 0;
		};
		3F8D217D1DC0FF51004EE352 /* Sources */ = {
			isa = PBXSourcesBuildPhase;
			buildActionMask = 2147483647;
			files = (
				3F8D21861DC0FF51004EE352 /* wordPlayAppTests.swift in Sources */,
			);
			runOnlyForDeploymentPostprocessing = 0;
		};
		3F8D21881DC0FF51004EE352 /* Sources */ = {
			isa = PBXSourcesBuildPhase;
			buildActionMask = 2147483647;
			files = (
				3F8D21911DC0FF51004EE352 /* wordPlayAppUITests.swift in Sources */,
			);
			runOnlyForDeploymentPostprocessing = 0;
		};
/* End PBXSourcesBuildPhase section */

/* Begin PBXTargetDependency section */
		3F8D21831DC0FF51004EE352 /* PBXTargetDependency */ = {
			isa = PBXTargetDependency;
			target = 3F8D216C1DC0FF51004EE352 /* wordPlayApp */;
			targetProxy = 3F8D21821DC0FF51004EE352 /* PBXContainerItemProxy */;
		};
		3F8D218E1DC0FF51004EE352 /* PBXTargetDependency */ = {
			isa = PBXTargetDependency;
			target = 3F8D216C1DC0FF51004EE352 /* wordPlayApp */;
			targetProxy = 3F8D218D1DC0FF51004EE352 /* PBXContainerItemProxy */;
		};
/* End PBXTargetDependency section */

/* Begin PBXVariantGroup section */
		3F8D21741DC0FF51004EE352 /* Main.storyboard */ = {
			isa = PBXVariantGroup;
			children = (
				3F8D21751DC0FF51004EE352 /* Base */,
			);
			name = Main.storyboard;
			sourceTree = "<group>";
		};
		3F8D21791DC0FF51004EE352 /* LaunchScreen.storyboard */ = {
			isa = PBXVariantGroup;
			children = (
				3F8D217A1DC0FF51004EE352 /* Base */,
			);
			name = LaunchScreen.storyboard;
			sourceTree = "<group>";
		};
/* End PBXVariantGroup section */

/* Begin XCBuildConfiguration section */
		3F8D21931DC0FF51004EE352 /* Debug */ = {
			isa = XCBuildConfiguration;
			buildSettings = {
				ALWAYS_SEARCH_USER_PATHS = NO;
				CLANG_ANALYZER_NONNULL = YES;
				CLANG_CXX_LANGUAGE_STANDARD = "gnu++0x";
				CLANG_CXX_LIBRARY = "libc++";
				CLANG_ENABLE_MODULES = YES;
				CLANG_ENABLE_OBJC_ARC = YES;
				CLANG_WARN_BOOL_CONVERSION = YES;
				CLANG_WARN_CONSTANT_CONVERSION = YES;
				CLANG_WARN_DIRECT_OBJC_ISA_USAGE = YES_ERROR;
				CLANG_WARN_EMPTY_BODY = YES;
				CLANG_WARN_ENUM_CONVERSION = YES;
				CLANG_WARN_INT_CONVERSION = YES;
				CLANG_WARN_OBJC_ROOT_CLASS = YES_ERROR;
				CLANG_WARN_UNREACHABLE_CODE = YES;
				CLANG_WARN__DUPLICATE_METHOD_MATCH = YES;
				"CODE_SIGN_IDENTITY[sdk=iphoneos*]" = "iPhone Developer";
				COPY_PHASE_STRIP = NO;
				DEBUG_INFORMATION_FORMAT = dwarf;
				ENABLE_STRICT_OBJC_MSGSEND = YES;
				ENABLE_TESTABILITY = YES;
				GCC_C_LANGUAGE_STANDARD = gnu99;
				GCC_DYNAMIC_NO_PIC = NO;
				GCC_NO_COMMON_BLOCKS = YES;
				GCC_OPTIMIZATION_LEVEL = 0;
				GCC_PREPROCESSOR_DEFINITIONS = (
					"DEBUG=1",
					"$(inherited)",
				);
				GCC_WARN_64_TO_32_BIT_CONVERSION = YES;
				GCC_WARN_ABOUT_RETURN_TYPE = YES_ERROR;
				GCC_WARN_UNDECLARED_SELECTOR = YES;
				GCC_WARN_UNINITIALIZED_AUTOS = YES_AGGRESSIVE;
				GCC_WARN_UNUSED_FUNCTION = YES;
				GCC_WARN_UNUSED_VARIABLE = YES;
				IPHONEOS_DEPLOYMENT_TARGET = 9.3;
				MTL_ENABLE_DEBUG_INFO = YES;
				ONLY_ACTIVE_ARCH = YES;
				SDKROOT = iphoneos;
				SWIFT_OPTIMIZATION_LEVEL = "-Onone";
				TARGETED_DEVICE_FAMILY = "1,2";
			};
			name = Debug;
		};
		3F8D21941DC0FF51004EE352 /* Release */ = {
			isa = XCBuildConfiguration;
			buildSettings = {
				ALWAYS_SEARCH_USER_PATHS = NO;
				CLANG_ANALYZER_NONNULL = YES;
				CLANG_CXX_LANGUAGE_STANDARD = "gnu++0x";
				CLANG_CXX_LIBRARY = "libc++";
				CLANG_ENABLE_MODULES = YES;
				CLANG_ENABLE_OBJC_ARC = YES;
				CLANG_WARN_BOOL_CONVERSION = YES;
				CLANG_WARN_CONSTANT_CONVERSION = YES;
				CLANG_WARN_DIRECT_OBJC_ISA_USAGE = YES_ERROR;
				CLANG_WARN_EMPTY_BODY = YES;
				CLANG_WARN_ENUM_CONVERSION = YES;
				CLANG_WARN_INT_CONVERSION = YES;
				CLANG_WARN_OBJC_ROOT_CLASS = YES_ERROR;
				CLANG_WARN_UNREACHABLE_CODE = YES;
				CLANG_WARN__DUPLICATE_METHOD_MATCH = YES;
				"CODE_SIGN_IDENTITY[sdk=iphoneos*]" = "iPhone Developer";
				COPY_PHASE_STRIP = NO;
				DEBUG_INFORMATION_FORMAT = "dwarf-with-dsym";
				ENABLE_NS_ASSERTIONS = NO;
				ENABLE_STRICT_OBJC_MSGSEND = YES;
				GCC_C_LANGUAGE_STANDARD = gnu99;
				GCC_NO_COMMON_BLOCKS = YES;
				GCC_WARN_64_TO_32_BIT_CONVERSION = YES;
				GCC_WARN_ABOUT_RETURN_TYPE = YES_ERROR;
				GCC_WARN_UNDECLARED_SELECTOR = YES;
				GCC_WARN_UNINITIALIZED_AUTOS = YES_AGGRESSIVE;
				GCC_WARN_UNUSED_FUNCTION = YES;
				GCC_WARN_UNUSED_VARIABLE = YES;
				IPHONEOS_DEPLOYMENT_TARGET = 9.3;
				MTL_ENABLE_DEBUG_INFO = NO;
				SDKROOT = iphoneos;
				TARGETED_DEVICE_FAMILY = "1,2";
				VALIDATE_PRODUCT = YES;
			};
			name = Release;
		};
		3F8D21961DC0FF51004EE352 /* Debug */ = {
			isa = XCBuildConfiguration;
			buildSettings = {
				ASSETCATALOG_COMPILER_APPICON_NAME = AppIcon;
				INFOPLIST_FILE = wordPlayApp/Info.plist;
				LD_RUNPATH_SEARCH_PATHS = "$(inherited) @executable_path/Frameworks";
				PRODUCT_BUNDLE_IDENTIFIER = BHS.wordPlayApp;
				PRODUCT_NAME = "$(TARGET_NAME)";
			};
			name = Debug;
		};
		3F8D21971DC0FF51004EE352 /* Release */ = {
			isa = XCBuildConfiguration;
			buildSettings = {
				ASSETCATALOG_COMPILER_APPICON_NAME = AppIcon;
				INFOPLIST_FILE = wordPlayApp/Info.plist;
				LD_RUNPATH_SEARCH_PATHS = "$(inherited) @executable_path/Frameworks";
				PRODUCT_BUNDLE_IDENTIFIER = BHS.wordPlayApp;
				PRODUCT_NAME = "$(TARGET_NAME)";
			};
			name = Release;
		};
		3F8D21991DC0FF51004EE352 /* Debug */ = {
			isa = XCBuildConfiguration;
			buildSettings = {
				BUNDLE_LOADER = "$(TEST_HOST)";
				INFOPLIST_FILE = wordPlayAppTests/Info.plist;
				LD_RUNPATH_SEARCH_PATHS = "$(inherited) @executable_path/Frameworks @loader_path/Frameworks";
				PRODUCT_BUNDLE_IDENTIFIER = BHS.wordPlayAppTests;
				PRODUCT_NAME = "$(TARGET_NAME)";
				TEST_HOST = "$(BUILT_PRODUCTS_DIR)/wordPlayApp.app/wordPlayApp";
			};
			name = Debug;
		};
		3F8D219A1DC0FF51004EE352 /* Release */ = {
			isa = XCBuildConfiguration;
			buildSettings = {
				BUNDLE_LOADER = "$(TEST_HOST)";
				INFOPLIST_FILE = wordPlayAppTests/Info.plist;
				LD_RUNPATH_SEARCH_PATHS = "$(inherited) @executable_path/Frameworks @loader_path/Frameworks";
				PRODUCT_BUNDLE_IDENTIFIER = BHS.wordPlayAppTests;
				PRODUCT_NAME = "$(TARGET_NAME)";
				TEST_HOST = "$(BUILT_PRODUCTS_DIR)/wordPlayApp.app/wordPlayApp";
			};
			name = Release;
		};
		3F8D219C1DC0FF51004EE352 /* Debug */ = {
			isa = XCBuildConfiguration;
			buildSettings = {
				INFOPLIST_FILE = wordPlayAppUITests/Info.plist;
				LD_RUNPATH_SEARCH_PATHS = "$(inherited) @executable_path/Frameworks @loader_path/Frameworks";
				PRODUCT_BUNDLE_IDENTIFIER = BHS.wordPlayAppUITests;
				PRODUCT_NAME = "$(TARGET_NAME)";
				TEST_TARGET_NAME = wordPlayApp;
			};
			name = Debug;
		};
		3F8D219D1DC0FF51004EE352 /* Release */ = {
			isa = XCBuildConfiguration;
			buildSettings = {
				INFOPLIST_FILE = wordPlayAppUITests/Info.plist;
				LD_RUNPATH_SEARCH_PATHS = "$(inherited) @executable_path/Frameworks @loader_path/Frameworks";
				PRODUCT_BUNDLE_IDENTIFIER = BHS.wordPlayAppUITests;
				PRODUCT_NAME = "$(TARGET_NAME)";
				TEST_TARGET_NAME = wordPlayApp;
			};
			name = Release;
		};
/* End XCBuildConfiguration section */

/* Begin XCConfigurationList section */
		3F8D21681DC0FF51004EE352 /* Build configuration list for PBXProject "wordPlayApp" */ = {
			isa = XCConfigurationList;
			buildConfigurations = (
				3F8D21931DC0FF51004EE352 /* Debug */,
				3F8D21941DC0FF51004EE352 /* Release */,
			);
			defaultConfigurationIsVisible = 0;
			defaultConfigurationName = Release;
		};
		3F8D21951DC0FF51004EE352 /* Build configuration list for PBXNativeTarget "wordPlayApp" */ = {
			isa = XCConfigurationList;
			buildConfigurations = (
				3F8D21961DC0FF51004EE352 /* Debug */,
				3F8D21971DC0FF51004EE352 /* Release */,
			);
			defaultConfigurationIsVisible = 0;
		};
		3F8D21981DC0FF51004EE352 /* Build configuration list for PBXNativeTarget "wordPlayAppTests" */ = {
			isa = XCConfigurationList;
			buildConfigurations = (
				3F8D21991DC0FF51004EE352 /* Debug */,
				3F8D219A1DC0FF51004EE352 /* Release */,
			);
			defaultConfigurationIsVisible = 0;
		};
		3F8D219B1DC0FF51004EE352 /* Build configuration list for PBXNativeTarget "wordPlayAppUITests" */ = {
			isa = XCConfigurationList;
			buildConfigurations = (
				3F8D219C1DC0FF51004EE352 /* Debug */,
				3F8D219D1DC0FF51004EE352 /* Release */,
			);
			defaultConfigurationIsVisible = 0;
		};
/* End XCConfigurationList section */
	};
	rootObject = 3F8D21651DC0FF51004EE352 /* Project object */;
}
